
Microsoft Visual Studio Solution File, Format Version 12.00
# Visual Studio Version 17
VisualStudioVersion = 17.5.2.0
MinimumVisualStudioVersion = 10.0.40219.1
Project("{FAE04EC0-301F-11D3-BF4B-00C04F79EFBC}") = "Ace.App", "Ace.App\Ace.App.csproj", "{2B6CF710-5F06-3BE8-9303-4AF172353BD3}"
EndProject
Project("{FAE04EC0-301F-11D3-BF4B-00C04F79EFBC}") = "Ace.App.Tests", "Ace.App.Tests\Ace.App.Tests.csproj", "{80CF9343-228D-48D5-99CC-7DA43BDC8B3A}"
EndProject
Global
	GlobalSection(SolutionConfigurationPlatforms) = preSolution
		Debug|Any CPU = Debug|Any CPU
		Debug|x64 = Debug|x64
		Debug|x86 = Debug|x86
		Release|Any CPU = Release|Any CPU
		Release|x64 = Release|x64
		Release|x86 = Release|x86
	EndGlobalSection
	GlobalSection(ProjectConfigurationPlatforms) = postSolution
		{2B6CF710-5F06-3BE8-9303-4AF172353BD3}.Debug|Any CPU.ActiveCfg = Debug|Any CPU
		{2B6CF710-5F06-3BE8-9303-4AF172353BD3}.Debug|Any CPU.Build.0 = Debug|Any CPU
		{2B6CF710-5F06-3BE8-9303-4AF172353BD3}.Debug|x64.ActiveCfg = Debug|Any CPU
		{2B6CF710-5F06-3BE8-9303-4AF172353BD3}.Debug|x64.Build.0 = Debug|Any CPU
		{2B6CF710-5F06-3BE8-9303-4AF172353BD3}.Debug|x86.ActiveCfg = Debug|Any CPU
		{2B6CF710-5F06-3BE8-9303-4AF172353BD3}.Debug|x86.Build.0 = Debug|Any CPU
		{2B6CF710-5F06-3BE8-9303-4AF172353BD3}.Release|Any CPU.ActiveCfg = Release|Any CPU
		{2B6CF710-5F06-3BE8-9303-4AF172353BD3}.Release|Any CPU.Build.0 = Release|Any CPU
		{2B6CF710-5F06-3BE8-9303-4AF172353BD3}.Release|x64.ActiveCfg = Release|Any CPU
		{2B6CF710-5F06-3BE8-9303-4AF172353BD3}.Release|x64.Build.0 = Release|Any CPU
		{2B6CF710-5F06-3BE8-9303-4AF172353BD3}.Release|x86.ActiveCfg = Release|Any CPU
		{2B6CF710-5F06-3BE8-9303-4AF172353BD3}.Release|x86.Build.0 = Release|Any CPU
		{80CF9343-228D-48D5-99CC-7DA43BDC8B3A}.Debug|Any CPU.ActiveCfg = Debug|Any CPU
		{80CF9343-228D-48D5-99CC-7DA43BDC8B3A}.Debug|Any CPU.Build.0 = Debug|Any CPU
		{80CF9343-228D-48D5-99CC-7DA43BDC8B3A}.Debug|x64.ActiveCfg = Debug|Any CPU
		{80CF9343-228D-48D5-99CC-7DA43BDC8B3A}.Debug|x64.Build.0 = Debug|Any CPU
		{80CF9343-228D-48D5-99CC-7DA43BDC8B3A}.Debug|x86.ActiveCfg = Debug|Any CPU
		{80CF9343-228D-48D5-99CC-7DA43BDC8B3A}.Debug|x86.Build.0 = Debug|Any CPU
		{80CF9343-228D-48D5-99CC-7DA43BDC8B3A}.Release|Any CPU.ActiveCfg = Release|Any CPU
		{80CF9343-228D-48D5-99CC-7DA43BDC8B3A}.Release|Any CPU.Build.0 = Release|Any CPU
		{80CF9343-228D-48D5-99CC-7DA43BDC8B3A}.Release|x64.ActiveCfg = Release|Any CPU
		{80CF9343-228D-48D5-99CC-7DA43BDC8B3A}.Release|x64.Build.0 = Release|Any CPU
		{80CF9343-228D-48D5-99CC-7DA43BDC8B3A}.Release|x86.ActiveCfg = Release|Any CPU
		{80CF9343-228D-48D5-99CC-7DA43BDC8B3A}.Release|x86.Build.0 = Release|Any CPU
	EndGlobalSection
	GlobalSection(SolutionProperties) = preSolution
		HideSolutionNode = FALSE
	EndGlobalSection
	GlobalSection(ExtensibilityGlobals) = postSolution
		SolutionGuid = {2F816706-1132-4729-9D2E-CC391CAF4100}
	EndGlobalSection
EndGlobal
